
Microsoft Visual Studio Solution File, Format Version 12.00
# Visual Studio Version 17
VisualStudioVersion = 17.4.33110.190
MinimumVisualStudioVersion = 10.0.40219.1
Project("{FAE04EC0-301F-11D3-BF4B-00C04F79EFBC}") = "AppNovo", "AppNovo\AppNovo.csproj", "{2F0AA77C-ACEA-4F5B-AE6A-3982A0EE0B53}"
EndProject
Global
	GlobalSection(SolutionConfigurationPlatforms) = preSolution
		Debug|Any CPU = Debug|Any CPU
		Release|Any CPU = Release|Any CPU
	EndGlobalSection
	GlobalSection(ProjectConfigurationPlatforms) = postSolution
		{2F0AA77C-ACEA-4F5B-AE6A-3982A0EE0B53}.Debug|Any CPU.ActiveCfg = Debug|Any CPU
		{2F0AA77C-ACEA-4F5B-AE6A-3982A0EE0B53}.Debug|Any CPU.Build.0 = Debug|Any CPU
		{2F0AA77C-ACEA-4F5B-AE6A-3982A0EE0B53}.Release|Any CPU.ActiveCfg = Release|Any CPU
		{2F0AA77C-ACEA-4F5B-AE6A-3982A0EE0B53}.Release|Any CPU.Build.0 = Release|Any CPU
	EndGlobalSection
	GlobalSection(SolutionProperties) = preSolution
		HideSolutionNode = FALSE
	EndGlobalSection
	GlobalSection(ExtensibilityGlobals) = postSolution
		SolutionGuid = {9E60FB91-A1A5-45F3-A9C2-B942C51ECEB1}
	EndGlobalSection
EndGlobal
